
Microsoft Visual Studio Solution File, Format Version 12.00
# Visual Studio Version 16
VisualStudioVersion = 16.0.30225.117
MinimumVisualStudioVersion = 10.0.40219.1
Project("{FAE04EC0-301F-11D3-BF4B-00C04F79EFBC}") = "RaspSecure", "RaspSecure\RaspSecure.csproj", "{661FA316-4586-4B14-9395-B56B1D6B9570}"
EndProject
Global
	GlobalSection(SolutionConfigurationPlatforms) = preSolution
		Debug|Any CPU = Debug|Any CPU
		Release|Any CPU = Release|Any CPU
	EndGlobalSection
	GlobalSection(ProjectConfigurationPlatforms) = postSolution
		{661FA316-4586-4B14-9395-B56B1D6B9570}.Debug|Any CPU.ActiveCfg = Debug|Any CPU
		{661FA316-4586-4B14-9395-B56B1D6B9570}.Debug|Any CPU.Build.0 = Debug|Any CPU
		{661FA316-4586-4B14-9395-B56B1D6B9570}.Release|Any CPU.ActiveCfg = Release|Any CPU
		{661FA316-4586-4B14-9395-B56B1D6B9570}.Release|Any CPU.Build.0 = Release|Any CPU
	EndGlobalSection
	GlobalSection(SolutionProperties) = preSolution
		HideSolutionNode = FALSE
	EndGlobalSection
	GlobalSection(ExtensibilityGlobals) = postSolution
		SolutionGuid = {6B2F6505-B4A4-47A6-89B0-7A903E9100E2}
	EndGlobalSection
EndGlobal
